
Microsoft Visual Studio Solution File, Format Version 12.00
# Visual Studio 15
VisualStudioVersion = 15.0.28010.2046
MinimumVisualStudioVersion = 10.0.40219.1
Project("{8BC9CEB8-8B4A-11D0-8D11-00A0C91BC942}") = "栈和队列面试题", "栈和队列面试题\栈和队列面试题.vcxproj", "{1643511C-D861-4599-BA9D-4F34361BE515}"
EndProject
Global
	GlobalSection(SolutionConfigurationPlatforms) = preSolution
		Debug|x64 = Debug|x64
		Debug|x86 = Debug|x86
		Release|x64 = Release|x64
		Release|x86 = Release|x86
	EndGlobalSection
	GlobalSection(ProjectConfigurationPlatforms) = postSolution
		{1643511C-D861-4599-BA9D-4F34361BE515}.Debug|x64.ActiveCfg = Debug|x64
		{1643511C-D861-4599-BA9D-4F34361BE515}.Debug|x64.Build.0 = Debug|x64
		{1643511C-D861-4599-BA9D-4F34361BE515}.Debug|x86.ActiveCfg = Debug|Win32
		{1643511C-D861-4599-BA9D-4F34361BE515}.Debug|x86.Build.0 = Debug|Win32
		{1643511C-D861-4599-BA9D-4F34361BE515}.Release|x64.ActiveCfg = Release|x64
		{1643511C-D861-4599-BA9D-4F34361BE515}.Release|x64.Build.0 = Release|x64
		{1643511C-D861-4599-BA9D-4F34361BE515}.Release|x86.ActiveCfg = Release|Win32
		{1643511C-D861-4599-BA9D-4F34361BE515}.Release|x86.Build.0 = Release|Win32
	EndGlobalSection
	GlobalSection(SolutionProperties) = preSolution
		HideSolutionNode = FALSE
	EndGlobalSection
	GlobalSection(ExtensibilityGlobals) = postSolution
		SolutionGuid = {04F1F855-FADA-45C6-A1EB-B11FAAD6054B}
	EndGlobalSection
EndGlobal
